// !$*UTF8*$!
{
	archiveVersion = 1;
	classes = {
	};
	objectVersion = 56;
	objects = {

/* Begin PBXBuildFile section */
		4CD440792B5C433F004EEEC8 /* opinionApp.swift in Sources */ = {isa = PBXBuildFile; fileRef = 4CD440782B5C433F004EEEC8 /* opinionApp.swift */; };
		4CD4407F2B5C4341004EEEC8 /* Assets.xcassets in Resources */ = {isa = PBXBuildFile; fileRef = 4CD4407E2B5C4341004EEEC8 /* Assets.xcassets */; };
		4CD440822B5C4341004EEEC8 /* Preview Assets.xcassets in Resources */ = {isa = PBXBuildFile; fileRef = 4CD440812B5C4341004EEEC8 /* Preview Assets.xcassets */; };
		4CD4408C2B5C4341004EEEC8 /* opinionTests.swift in Sources */ = {isa = PBXBuildFile; fileRef = 4CD4408B2B5C4341004EEEC8 /* opinionTests.swift */; };
		4CD440962B5C4341004EEEC8 /* opinionUITests.swift in Sources */ = {isa = PBXBuildFile; fileRef = 4CD440952B5C4341004EEEC8 /* opinionUITests.swift */; };
		4CD440982B5C4341004EEEC8 /* opinionUITestsLaunchTests.swift in Sources */ = {isa = PBXBuildFile; fileRef = 4CD440972B5C4341004EEEC8 /* opinionUITestsLaunchTests.swift */; };
		4CD440AA2B5C4C43004EEEC8 /* Auth0 in Frameworks */ = {isa = PBXBuildFile; productRef = 4CD440A92B5C4C43004EEEC8 /* Auth0 */; };
		4CD9B1172B5C6A71009A7FF8 /* Launch Screen.storyboard in Resources */ = {isa = PBXBuildFile; fileRef = 4CD9B1162B5C6A71009A7FF8 /* Launch Screen.storyboard */; };
		4CD9B11B2B5C7599009A7FF8 /* QuestionView.swift in Sources */ = {isa = PBXBuildFile; fileRef = 4CD9B11A2B5C7599009A7FF8 /* QuestionView.swift */; };
		4CD9B1332B5CA7C3009A7FF8 /* AnswerView.swift in Sources */ = {isa = PBXBuildFile; fileRef = 4CD9B1322B5CA7C3009A7FF8 /* AnswerView.swift */; };
		5927C4BC2B5CCFAF001A8E02 /* Network Request.swift in Sources */ = {isa = PBXBuildFile; fileRef = 5927C4BB2B5CCFAF001A8E02 /* Network Request.swift */; };
		5927C4BF2B5CD3F1001A8E02 /* FirebaseAnalytics in Frameworks */ = {isa = PBXBuildFile; productRef = 5927C4BE2B5CD3F1001A8E02 /* FirebaseAnalytics */; };
		5927C4C12B5CD3F1001A8E02 /* FirebaseAnalyticsOnDeviceConversion in Frameworks */ = {isa = PBXBuildFile; productRef = 5927C4C02B5CD3F1001A8E02 /* FirebaseAnalyticsOnDeviceConversion */; };
		5927C4C32B5CD3F1001A8E02 /* FirebaseAnalyticsSwift in Frameworks */ = {isa = PBXBuildFile; productRef = 5927C4C22B5CD3F1001A8E02 /* FirebaseAnalyticsSwift */; };
		5927C4C52B5CD3F1001A8E02 /* FirebaseAnalyticsWithoutAdIdSupport in Frameworks */ = {isa = PBXBuildFile; productRef = 5927C4C42B5CD3F1001A8E02 /* FirebaseAnalyticsWithoutAdIdSupport */; };
		5927C4C72B5CD3F1001A8E02 /* FirebaseAppCheck in Frameworks */ = {isa = PBXBuildFile; productRef = 5927C4C62B5CD3F1001A8E02 /* FirebaseAppCheck */; };
		5927C4C92B5CD3F1001A8E02 /* FirebaseAppDistribution-Beta in Frameworks */ = {isa = PBXBuildFile; productRef = 5927C4C82B5CD3F1001A8E02 /* FirebaseAppDistribution-Beta */; };
		5927C4CB2B5CD3F1001A8E02 /* FirebaseAuth in Frameworks */ = {isa = PBXBuildFile; productRef = 5927C4CA2B5CD3F1001A8E02 /* FirebaseAuth */; };
		5927C4CD2B5CD3F1001A8E02 /* FirebaseAuthCombine-Community in Frameworks */ = {isa = PBXBuildFile; productRef = 5927C4CC2B5CD3F1001A8E02 /* FirebaseAuthCombine-Community */; };
		5927C4CF2B5CD3F1001A8E02 /* FirebaseCrashlytics in Frameworks */ = {isa = PBXBuildFile; productRef = 5927C4CE2B5CD3F1001A8E02 /* FirebaseCrashlytics */; };
		5927C4D12B5CD3F1001A8E02 /* FirebaseDatabase in Frameworks */ = {isa = PBXBuildFile; productRef = 5927C4D02B5CD3F1001A8E02 /* FirebaseDatabase */; };
		5927C4D32B5CD3F1001A8E02 /* FirebaseDatabaseSwift in Frameworks */ = {isa = PBXBuildFile; productRef = 5927C4D22B5CD3F1001A8E02 /* FirebaseDatabaseSwift */; };
		5927C4D52B5CD3F1001A8E02 /* FirebaseDynamicLinks in Frameworks */ = {isa = PBXBuildFile; productRef = 5927C4D42B5CD3F1001A8E02 /* FirebaseDynamicLinks */; };
		5927C4D72B5CD3F1001A8E02 /* FirebaseFirestore in Frameworks */ = {isa = PBXBuildFile; productRef = 5927C4D62B5CD3F1001A8E02 /* FirebaseFirestore */; };
		5927C4D92B5CD3F1001A8E02 /* FirebaseFirestoreCombine-Community in Frameworks */ = {isa = PBXBuildFile; productRef = 5927C4D82B5CD3F1001A8E02 /* FirebaseFirestoreCombine-Community */; };
		5927C4DB2B5CD3F1001A8E02 /* FirebaseFirestoreSwift in Frameworks */ = {isa = PBXBuildFile; productRef = 5927C4DA2B5CD3F1001A8E02 /* FirebaseFirestoreSwift */; };
		5927C4DD2B5CD3F1001A8E02 /* FirebaseFunctions in Frameworks */ = {isa = PBXBuildFile; productRef = 5927C4DC2B5CD3F1001A8E02 /* FirebaseFunctions */; };
		5927C4DF2B5CD3F1001A8E02 /* FirebaseFunctionsCombine-Community in Frameworks */ = {isa = PBXBuildFile; productRef = 5927C4DE2B5CD3F1001A8E02 /* FirebaseFunctionsCombine-Community */; };
		5927C4E12B5CD3F1001A8E02 /* FirebaseInAppMessaging-Beta in Frameworks */ = {isa = PBXBuildFile; productRef = 5927C4E02B5CD3F1001A8E02 /* FirebaseInAppMessaging-Beta */; };
		5927C4E32B5CD3F1001A8E02 /* FirebaseInAppMessagingSwift-Beta in Frameworks */ = {isa = PBXBuildFile; productRef = 5927C4E22B5CD3F1001A8E02 /* FirebaseInAppMessagingSwift-Beta */; };
		5927C4E52B5CD3F1001A8E02 /* FirebaseInstallations in Frameworks */ = {isa = PBXBuildFile; productRef = 5927C4E42B5CD3F1001A8E02 /* FirebaseInstallations */; };
		5927C4E72B5CD3F1001A8E02 /* FirebaseMLModelDownloader in Frameworks */ = {isa = PBXBuildFile; productRef = 5927C4E62B5CD3F1001A8E02 /* FirebaseMLModelDownloader */; };
		5927C4E92B5CD3F1001A8E02 /* FirebaseMessaging in Frameworks */ = {isa = PBXBuildFile; productRef = 5927C4E82B5CD3F1001A8E02 /* FirebaseMessaging */; };
		5927C4EB2B5CD3F1001A8E02 /* FirebasePerformance in Frameworks */ = {isa = PBXBuildFile; productRef = 5927C4EA2B5CD3F1001A8E02 /* FirebasePerformance */; };
		5927C4ED2B5CD3F1001A8E02 /* FirebaseRemoteConfig in Frameworks */ = {isa = PBXBuildFile; productRef = 5927C4EC2B5CD3F1001A8E02 /* FirebaseRemoteConfig */; };
		5927C4EF2B5CD3F1001A8E02 /* FirebaseRemoteConfigSwift in Frameworks */ = {isa = PBXBuildFile; productRef = 5927C4EE2B5CD3F1001A8E02 /* FirebaseRemoteConfigSwift */; };
		5927C4F12B5CD3F1001A8E02 /* FirebaseStorage in Frameworks */ = {isa = PBXBuildFile; productRef = 5927C4F02B5CD3F1001A8E02 /* FirebaseStorage */; };
		5927C4F32B5CD3F1001A8E02 /* FirebaseStorageCombine-Community in Frameworks */ = {isa = PBXBuildFile; productRef = 5927C4F22B5CD3F1001A8E02 /* FirebaseStorageCombine-Community */; };
		5927C4F52B5CD44C001A8E02 /* Firebase.swift in Sources */ = {isa = PBXBuildFile; fileRef = 5927C4F42B5CD44C001A8E02 /* Firebase.swift */; };
		5927C4F72B5CD4A1001A8E02 /* AppDelegate.swift in Sources */ = {isa = PBXBuildFile; fileRef = 5927C4F62B5CD4A1001A8E02 /* AppDelegate.swift */; };
		5927C4F92B5CD593001A8E02 /* APIService.swift in Sources */ = {isa = PBXBuildFile; fileRef = 5927C4F82B5CD593001A8E02 /* APIService.swift */; };
		5927C4FD2B5CD7E3001A8E02 /* GoogleService-Info.plist in Resources */ = {isa = PBXBuildFile; fileRef = 5927C4FC2B5CD7E3001A8E02 /* GoogleService-Info.plist */; };
		5927C4FF2B5CDE8F001A8E02 /* DMSerifText-Italic.ttf in Resources */ = {isa = PBXBuildFile; fileRef = 5927C4FE2B5CDE8F001A8E02 /* DMSerifText-Italic.ttf */; };
		5927C5012B5CDE9E001A8E02 /* DMSerifText-Regular.ttf in Resources */ = {isa = PBXBuildFile; fileRef = 5927C5002B5CDE9E001A8E02 /* DMSerifText-Regular.ttf */; };
		5927C5032B5CDEAB001A8E02 /* PTSerif-Bold.ttf in Resources */ = {isa = PBXBuildFile; fileRef = 5927C5022B5CDEAB001A8E02 /* PTSerif-Bold.ttf */; };
		5927C5052B5CDEB4001A8E02 /* PTSerif-Italic.ttf in Resources */ = {isa = PBXBuildFile; fileRef = 5927C5042B5CDEB4001A8E02 /* PTSerif-Italic.ttf */; };
		5927C5072B5CDEBE001A8E02 /* PTSerif-BoldItalic.ttf in Resources */ = {isa = PBXBuildFile; fileRef = 5927C5062B5CDEBE001A8E02 /* PTSerif-BoldItalic.ttf */; };
		5927C5092B5CDEC6001A8E02 /* PTSerif-Regular.ttf in Resources */ = {isa = PBXBuildFile; fileRef = 5927C5082B5CDEC6001A8E02 /* PTSerif-Regular.ttf */; };
/* End PBXBuildFile section */

/* Begin PBXContainerItemProxy section */
		4CD440882B5C4341004EEEC8 /* PBXContainerItemProxy */ = {
			isa = PBXContainerItemProxy;
			containerPortal = 4CD4406D2B5C433F004EEEC8 /* Project object */;
			proxyType = 1;
			remoteGlobalIDString = 4CD440742B5C433F004EEEC8;
			remoteInfo = opinion;
		};
		4CD440922B5C4341004EEEC8 /* PBXContainerItemProxy */ = {
			isa = PBXContainerItemProxy;
			containerPortal = 4CD4406D2B5C433F004EEEC8 /* Project object */;
			proxyType = 1;
			remoteGlobalIDString = 4CD440742B5C433F004EEEC8;
			remoteInfo = opinion;
		};
/* End PBXContainerItemProxy section */

/* Begin PBXFileReference section */
		4CD440752B5C433F004EEEC8 /* opinion.app */ = {isa = PBXFileReference; explicitFileType = wrapper.application; includeInIndex = 0; path = opinion.app; sourceTree = BUILT_PRODUCTS_DIR; };
		4CD440782B5C433F004EEEC8 /* opinionApp.swift */ = {isa = PBXFileReference; lastKnownFileType = sourcecode.swift; path = opinionApp.swift; sourceTree = "<group>"; };
		4CD4407E2B5C4341004EEEC8 /* Assets.xcassets */ = {isa = PBXFileReference; lastKnownFileType = folder.assetcatalog; path = Assets.xcassets; sourceTree = "<group>"; };
		4CD440812B5C4341004EEEC8 /* Preview Assets.xcassets */ = {isa = PBXFileReference; lastKnownFileType = folder.assetcatalog; path = "Preview Assets.xcassets"; sourceTree = "<group>"; };
		4CD440872B5C4341004EEEC8 /* opinionTests.xctest */ = {isa = PBXFileReference; explicitFileType = wrapper.cfbundle; includeInIndex = 0; path = opinionTests.xctest; sourceTree = BUILT_PRODUCTS_DIR; };
		4CD4408B2B5C4341004EEEC8 /* opinionTests.swift */ = {isa = PBXFileReference; lastKnownFileType = sourcecode.swift; path = opinionTests.swift; sourceTree = "<group>"; };
		4CD440912B5C4341004EEEC8 /* opinionUITests.xctest */ = {isa = PBXFileReference; explicitFileType = wrapper.cfbundle; includeInIndex = 0; path = opinionUITests.xctest; sourceTree = BUILT_PRODUCTS_DIR; };
		4CD440952B5C4341004EEEC8 /* opinionUITests.swift */ = {isa = PBXFileReference; lastKnownFileType = sourcecode.swift; path = opinionUITests.swift; sourceTree = "<group>"; };
		4CD440972B5C4341004EEEC8 /* opinionUITestsLaunchTests.swift */ = {isa = PBXFileReference; lastKnownFileType = sourcecode.swift; path = opinionUITestsLaunchTests.swift; sourceTree = "<group>"; };
		4CD9B1162B5C6A71009A7FF8 /* Launch Screen.storyboard */ = {isa = PBXFileReference; lastKnownFileType = file.storyboard; path = "Launch Screen.storyboard"; sourceTree = "<group>"; };
		4CD9B11A2B5C7599009A7FF8 /* QuestionView.swift */ = {isa = PBXFileReference; lastKnownFileType = sourcecode.swift; path = QuestionView.swift; sourceTree = "<group>"; };
		4CD9B1232B5C7A59009A7FF8 /* DMSerifDisplay-Italic.ttf */ = {isa = PBXFileReference; lastKnownFileType = file; path = "DMSerifDisplay-Italic.ttf"; sourceTree = "<group>"; };
		4CD9B1242B5C7A59009A7FF8 /* DMSerifDisplay-Regular.ttf */ = {isa = PBXFileReference; lastKnownFileType = file; path = "DMSerifDisplay-Regular.ttf"; sourceTree = "<group>"; };
		4CD9B1252B5C7ACA009A7FF8 /* Info.plist */ = {isa = PBXFileReference; lastKnownFileType = text.plist; path = Info.plist; sourceTree = "<group>"; };
		4CD9B1322B5CA7C3009A7FF8 /* AnswerView.swift */ = {isa = PBXFileReference; lastKnownFileType = sourcecode.swift; path = AnswerView.swift; sourceTree = "<group>"; };
		5927C4BB2B5CCFAF001A8E02 /* Network Request.swift */ = {isa = PBXFileReference; lastKnownFileType = sourcecode.swift; path = "Network Request.swift"; sourceTree = "<group>"; };
		5927C4F42B5CD44C001A8E02 /* Firebase.swift */ = {isa = PBXFileReference; lastKnownFileType = sourcecode.swift; path = Firebase.swift; sourceTree = "<group>"; };
		5927C4F62B5CD4A1001A8E02 /* AppDelegate.swift */ = {isa = PBXFileReference; lastKnownFileType = sourcecode.swift; path = AppDelegate.swift; sourceTree = "<group>"; };
		5927C4F82B5CD593001A8E02 /* APIService.swift */ = {isa = PBXFileReference; lastKnownFileType = sourcecode.swift; path = APIService.swift; sourceTree = "<group>"; };
		5927C4FC2B5CD7E3001A8E02 /* GoogleService-Info.plist */ = {isa = PBXFileReference; fileEncoding = 4; lastKnownFileType = text.plist.xml; name = "GoogleService-Info.plist"; path = "../../../../Downloads/GoogleService-Info.plist"; sourceTree = "<group>"; };
		5927C4FE2B5CDE8F001A8E02 /* DMSerifText-Italic.ttf */ = {isa = PBXFileReference; lastKnownFileType = file; name = "DMSerifText-Italic.ttf"; path = "../../../../../Downloads/DMSerifText-Italic.ttf"; sourceTree = "<group>"; };
		5927C5002B5CDE9E001A8E02 /* DMSerifText-Regular.ttf */ = {isa = PBXFileReference; lastKnownFileType = file; name = "DMSerifText-Regular.ttf"; path = "../../../../../Downloads/DMSerifText-Regular.ttf"; sourceTree = "<group>"; };
		5927C5022B5CDEAB001A8E02 /* PTSerif-Bold.ttf */ = {isa = PBXFileReference; lastKnownFileType = file; name = "PTSerif-Bold.ttf"; path = "../../../../../Downloads/PTSerif-Bold.ttf"; sourceTree = "<group>"; };
		5927C5042B5CDEB4001A8E02 /* PTSerif-Italic.ttf */ = {isa = PBXFileReference; lastKnownFileType = file; name = "PTSerif-Italic.ttf"; path = "../../../../../Downloads/PTSerif-Italic.ttf"; sourceTree = "<group>"; };
		5927C5062B5CDEBE001A8E02 /* PTSerif-BoldItalic.ttf */ = {isa = PBXFileReference; lastKnownFileType = file; name = "PTSerif-BoldItalic.ttf"; path = "../../../../../Downloads/PTSerif-BoldItalic.ttf"; sourceTree = "<group>"; };
		5927C5082B5CDEC6001A8E02 /* PTSerif-Regular.ttf */ = {isa = PBXFileReference; lastKnownFileType = file; name = "PTSerif-Regular.ttf"; path = "../../../../../Downloads/PTSerif-Regular.ttf"; sourceTree = "<group>"; };
/* End PBXFileReference section */

/* Begin PBXFrameworksBuildPhase section */
		4CD440722B5C433F004EEEC8 /* Frameworks */ = {
			isa = PBXFrameworksBuildPhase;
			buildActionMask = 2147483647;
			files = (
				5927C4DD2B5CD3F1001A8E02 /* FirebaseFunctions in Frameworks */,
				5927C4D32B5CD3F1001A8E02 /* FirebaseDatabaseSwift in Frameworks */,
				5927C4E32B5CD3F1001A8E02 /* FirebaseInAppMessagingSwift-Beta in Frameworks */,
				5927C4E92B5CD3F1001A8E02 /* FirebaseMessaging in Frameworks */,
				5927C4C92B5CD3F1001A8E02 /* FirebaseAppDistribution-Beta in Frameworks */,
				5927C4CD2B5CD3F1001A8E02 /* FirebaseAuthCombine-Community in Frameworks */,
				5927C4D92B5CD3F1001A8E02 /* FirebaseFirestoreCombine-Community in Frameworks */,
				5927C4C32B5CD3F1001A8E02 /* FirebaseAnalyticsSwift in Frameworks */,
				5927C4E72B5CD3F1001A8E02 /* FirebaseMLModelDownloader in Frameworks */,
				5927C4C52B5CD3F1001A8E02 /* FirebaseAnalyticsWithoutAdIdSupport in Frameworks */,
				5927C4BF2B5CD3F1001A8E02 /* FirebaseAnalytics in Frameworks */,
				5927C4DB2B5CD3F1001A8E02 /* FirebaseFirestoreSwift in Frameworks */,
				5927C4C12B5CD3F1001A8E02 /* FirebaseAnalyticsOnDeviceConversion in Frameworks */,
				5927C4C72B5CD3F1001A8E02 /* FirebaseAppCheck in Frameworks */,
				5927C4EB2B5CD3F1001A8E02 /* FirebasePerformance in Frameworks */,
				5927C4E12B5CD3F1001A8E02 /* FirebaseInAppMessaging-Beta in Frameworks */,
				5927C4DF2B5CD3F1001A8E02 /* FirebaseFunctionsCombine-Community in Frameworks */,
				5927C4CF2B5CD3F1001A8E02 /* FirebaseCrashlytics in Frameworks */,
				5927C4E52B5CD3F1001A8E02 /* FirebaseInstallations in Frameworks */,
				5927C4ED2B5CD3F1001A8E02 /* FirebaseRemoteConfig in Frameworks */,
				5927C4F12B5CD3F1001A8E02 /* FirebaseStorage in Frameworks */,
				5927C4D12B5CD3F1001A8E02 /* FirebaseDatabase in Frameworks */,
				5927C4F32B5CD3F1001A8E02 /* FirebaseStorageCombine-Community in Frameworks */,
				4CD440AA2B5C4C43004EEEC8 /* Auth0 in Frameworks */,
				5927C4CB2B5CD3F1001A8E02 /* FirebaseAuth in Frameworks */,
				5927C4D52B5CD3F1001A8E02 /* FirebaseDynamicLinks in Frameworks */,
				5927C4D72B5CD3F1001A8E02 /* FirebaseFirestore in Frameworks */,
				5927C4EF2B5CD3F1001A8E02 /* FirebaseRemoteConfigSwift in Frameworks */,
			);
			runOnlyForDeploymentPostprocessing = 0;
		};
		4CD440842B5C4341004EEEC8 /* Frameworks */ = {
			isa = PBXFrameworksBuildPhase;
			buildActionMask = 2147483647;
			files = (
			);
			runOnlyForDeploymentPostprocessing = 0;
		};
		4CD4408E2B5C4341004EEEC8 /* Frameworks */ = {
			isa = PBXFrameworksBuildPhase;
			buildActionMask = 2147483647;
			files = (
			);
			runOnlyForDeploymentPostprocessing = 0;
		};
/* End PBXFrameworksBuildPhase section */

/* Begin PBXGroup section */
		4CD4406C2B5C433F004EEEC8 = {
			isa = PBXGroup;
			children = (
				4CD440772B5C433F004EEEC8 /* opinion */,
				4CD4408A2B5C4341004EEEC8 /* opinionTests */,
				4CD440942B5C4341004EEEC8 /* opinionUITests */,
				4CD440762B5C433F004EEEC8 /* Products */,
			);
			sourceTree = "<group>";
		};
		4CD440762B5C433F004EEEC8 /* Products */ = {
			isa = PBXGroup;
			children = (
				4CD440752B5C433F004EEEC8 /* opinion.app */,
				4CD440872B5C4341004EEEC8 /* opinionTests.xctest */,
				4CD440912B5C4341004EEEC8 /* opinionUITests.xctest */,
			);
			name = Products;
			sourceTree = "<group>";
		};
		4CD440772B5C433F004EEEC8 /* opinion */ = {
			isa = PBXGroup;
			children = (
				4CD9B1252B5C7ACA009A7FF8 /* Info.plist */,
				4CD9B1222B5C7A4E009A7FF8 /* fonts */,
				4CD440782B5C433F004EEEC8 /* opinionApp.swift */,
				4CD9B11A2B5C7599009A7FF8 /* QuestionView.swift */,
				5927C4FC2B5CD7E3001A8E02 /* GoogleService-Info.plist */,
				4CD9B1322B5CA7C3009A7FF8 /* AnswerView.swift */,
				4CD4407E2B5C4341004EEEC8 /* Assets.xcassets */,
				4CD440802B5C4341004EEEC8 /* Preview Content */,
				4CD9B1162B5C6A71009A7FF8 /* Launch Screen.storyboard */,
				5927C4BB2B5CCFAF001A8E02 /* Network Request.swift */,
				5927C4F42B5CD44C001A8E02 /* Firebase.swift */,
				5927C4F62B5CD4A1001A8E02 /* AppDelegate.swift */,
				5927C4F82B5CD593001A8E02 /* APIService.swift */,
			);
			path = opinion;
			sourceTree = "<group>";
		};
		4CD440802B5C4341004EEEC8 /* Preview Content */ = {
			isa = PBXGroup;
			children = (
				4CD440812B5C4341004EEEC8 /* Preview Assets.xcassets */,
			);
			path = "Preview Content";
			sourceTree = "<group>";
		};
		4CD4408A2B5C4341004EEEC8 /* opinionTests */ = {
			isa = PBXGroup;
			children = (
				4CD4408B2B5C4341004EEEC8 /* opinionTests.swift */,
			);
			path = opinionTests;
			sourceTree = "<group>";
		};
		4CD440942B5C4341004EEEC8 /* opinionUITests */ = {
			isa = PBXGroup;
			children = (
				4CD440952B5C4341004EEEC8 /* opinionUITests.swift */,
				4CD440972B5C4341004EEEC8 /* opinionUITestsLaunchTests.swift */,
			);
			path = opinionUITests;
			sourceTree = "<group>";
		};
		4CD9B1222B5C7A4E009A7FF8 /* fonts */ = {
			isa = PBXGroup;
			children = (
				5927C4FE2B5CDE8F001A8E02 /* DMSerifText-Italic.ttf */,
				5927C5002B5CDE9E001A8E02 /* DMSerifText-Regular.ttf */,
				5927C5022B5CDEAB001A8E02 /* PTSerif-Bold.ttf */,
				5927C5062B5CDEBE001A8E02 /* PTSerif-BoldItalic.ttf */,
				5927C5082B5CDEC6001A8E02 /* PTSerif-Regular.ttf */,
				5927C5042B5CDEB4001A8E02 /* PTSerif-Italic.ttf */,
				4CD9B1232B5C7A59009A7FF8 /* DMSerifDisplay-Italic.ttf */,
				4CD9B1242B5C7A59009A7FF8 /* DMSerifDisplay-Regular.ttf */,
			);
			path = fonts;
			sourceTree = "<group>";
		};
/* End PBXGroup section */

/* Begin PBXNativeTarget section */
		4CD440742B5C433F004EEEC8 /* opinion */ = {
			isa = PBXNativeTarget;
			buildConfigurationList = 4CD4409B2B5C4341004EEEC8 /* Build configuration list for PBXNativeTarget "opinion" */;
			buildPhases = (
				4CD440712B5C433F004EEEC8 /* Sources */,
				4CD440722B5C433F004EEEC8 /* Frameworks */,
				4CD440732B5C433F004EEEC8 /* Resources */,
			);
			buildRules = (
			);
			dependencies = (
			);
			name = opinion;
			packageProductDependencies = (
				4CD440A92B5C4C43004EEEC8 /* Auth0 */,
				5927C4BE2B5CD3F1001A8E02 /* FirebaseAnalytics */,
				5927C4C02B5CD3F1001A8E02 /* FirebaseAnalyticsOnDeviceConversion */,
				5927C4C22B5CD3F1001A8E02 /* FirebaseAnalyticsSwift */,
				5927C4C42B5CD3F1001A8E02 /* FirebaseAnalyticsWithoutAdIdSupport */,
				5927C4C62B5CD3F1001A8E02 /* FirebaseAppCheck */,
				5927C4C82B5CD3F1001A8E02 /* FirebaseAppDistribution-Beta */,
				5927C4CA2B5CD3F1001A8E02 /* FirebaseAuth */,
				5927C4CC2B5CD3F1001A8E02 /* FirebaseAuthCombine-Community */,
				5927C4CE2B5CD3F1001A8E02 /* FirebaseCrashlytics */,
				5927C4D02B5CD3F1001A8E02 /* FirebaseDatabase */,
				5927C4D22B5CD3F1001A8E02 /* FirebaseDatabaseSwift */,
				5927C4D42B5CD3F1001A8E02 /* FirebaseDynamicLinks */,
				5927C4D62B5CD3F1001A8E02 /* FirebaseFirestore */,
				5927C4D82B5CD3F1001A8E02 /* FirebaseFirestoreCombine-Community */,
				5927C4DA2B5CD3F1001A8E02 /* FirebaseFirestoreSwift */,
				5927C4DC2B5CD3F1001A8E02 /* FirebaseFunctions */,
				5927C4DE2B5CD3F1001A8E02 /* FirebaseFunctionsCombine-Community */,
				5927C4E02B5CD3F1001A8E02 /* FirebaseInAppMessaging-Beta */,
				5927C4E22B5CD3F1001A8E02 /* FirebaseInAppMessagingSwift-Beta */,
				5927C4E42B5CD3F1001A8E02 /* FirebaseInstallations */,
				5927C4E62B5CD3F1001A8E02 /* FirebaseMLModelDownloader */,
				5927C4E82B5CD3F1001A8E02 /* FirebaseMessaging */,
				5927C4EA2B5CD3F1001A8E02 /* FirebasePerformance */,
				5927C4EC2B5CD3F1001A8E02 /* FirebaseRemoteConfig */,
				5927C4EE2B5CD3F1001A8E02 /* FirebaseRemoteConfigSwift */,
				5927C4F02B5CD3F1001A8E02 /* FirebaseStorage */,
				5927C4F22B5CD3F1001A8E02 /* FirebaseStorageCombine-Community */,
			);
			productName = opinion;
			productReference = 4CD440752B5C433F004EEEC8 /* opinion.app */;
			productType = "com.apple.product-type.application";
		};
		4CD440862B5C4341004EEEC8 /* opinionTests */ = {
			isa = PBXNativeTarget;
			buildConfigurationList = 4CD4409E2B5C4341004EEEC8 /* Build configuration list for PBXNativeTarget "opinionTests" */;
			buildPhases = (
				4CD440832B5C4341004EEEC8 /* Sources */,
				4CD440842B5C4341004EEEC8 /* Frameworks */,
				4CD440852B5C4341004EEEC8 /* Resources */,
			);
			buildRules = (
			);
			dependencies = (
				4CD440892B5C4341004EEEC8 /* PBXTargetDependency */,
			);
			name = opinionTests;
			productName = opinionTests;
			productReference = 4CD440872B5C4341004EEEC8 /* opinionTests.xctest */;
			productType = "com.apple.product-type.bundle.unit-test";
		};
		4CD440902B5C4341004EEEC8 /* opinionUITests */ = {
			isa = PBXNativeTarget;
			buildConfigurationList = 4CD440A12B5C4341004EEEC8 /* Build configuration list for PBXNativeTarget "opinionUITests" */;
			buildPhases = (
				4CD4408D2B5C4341004EEEC8 /* Sources */,
				4CD4408E2B5C4341004EEEC8 /* Frameworks */,
				4CD4408F2B5C4341004EEEC8 /* Resources */,
			);
			buildRules = (
			);
			dependencies = (
				4CD440932B5C4341004EEEC8 /* PBXTargetDependency */,
			);
			name = opinionUITests;
			productName = opinionUITests;
			productReference = 4CD440912B5C4341004EEEC8 /* opinionUITests.xctest */;
			productType = "com.apple.product-type.bundle.ui-testing";
		};
/* End PBXNativeTarget section */

/* Begin PBXProject section */
		4CD4406D2B5C433F004EEEC8 /* Project object */ = {
			isa = PBXProject;
			attributes = {
				BuildIndependentTargetsInParallel = 1;
				LastSwiftUpdateCheck = 1500;
				LastUpgradeCheck = 1500;
				TargetAttributes = {
					4CD440742B5C433F004EEEC8 = {
						CreatedOnToolsVersion = 15.0.1;
					};
					4CD440862B5C4341004EEEC8 = {
						CreatedOnToolsVersion = 15.0.1;
						TestTargetID = 4CD440742B5C433F004EEEC8;
					};
					4CD440902B5C4341004EEEC8 = {
						CreatedOnToolsVersion = 15.0.1;
						TestTargetID = 4CD440742B5C433F004EEEC8;
					};
				};
			};
			buildConfigurationList = 4CD440702B5C433F004EEEC8 /* Build configuration list for PBXProject "opinion" */;
			compatibilityVersion = "Xcode 14.0";
			developmentRegion = en;
			hasScannedForEncodings = 0;
			knownRegions = (
				en,
				Base,
			);
			mainGroup = 4CD4406C2B5C433F004EEEC8;
			packageReferences = (
				4CD440A82B5C4C43004EEEC8 /* XCRemoteSwiftPackageReference "Auth0" */,
				5927C4BD2B5CD3F1001A8E02 /* XCRemoteSwiftPackageReference "firebase-ios-sdk" */,
			);
			productRefGroup = 4CD440762B5C433F004EEEC8 /* Products */;
			projectDirPath = "";
			projectRoot = "";
			targets = (
				4CD440742B5C433F004EEEC8 /* opinion */,
				4CD440862B5C4341004EEEC8 /* opinionTests */,
				4CD440902B5C4341004EEEC8 /* opinionUITests */,
			);
		};
/* End PBXProject section */

/* Begin PBXResourcesBuildPhase section */
		4CD440732B5C433F004EEEC8 /* Resources */ = {
			isa = PBXResourcesBuildPhase;
			buildActionMask = 2147483647;
			files = (
				4CD440822B5C4341004EEEC8 /* Preview Assets.xcassets in Resources */,
				4CD9B1172B5C6A71009A7FF8 /* Launch Screen.storyboard in Resources */,
				4CD4407F2B5C4341004EEEC8 /* Assets.xcassets in Resources */,
				5927C5052B5CDEB4001A8E02 /* PTSerif-Italic.ttf in Resources */,
				5927C5032B5CDEAB001A8E02 /* PTSerif-Bold.ttf in Resources */,
				5927C5072B5CDEBE001A8E02 /* PTSerif-BoldItalic.ttf in Resources */,
				5927C5092B5CDEC6001A8E02 /* PTSerif-Regular.ttf in Resources */,
				5927C4FF2B5CDE8F001A8E02 /* DMSerifText-Italic.ttf in Resources */,
				5927C4FD2B5CD7E3001A8E02 /* GoogleService-Info.plist in Resources */,
				5927C5012B5CDE9E001A8E02 /* DMSerifText-Regular.ttf in Resources */,
			);
			runOnlyForDeploymentPostprocessing = 0;
		};
		4CD440852B5C4341004EEEC8 /* Resources */ = {
			isa = PBXResourcesBuildPhase;
			buildActionMask = 2147483647;
			files = (
			);
			runOnlyForDeploymentPostprocessing = 0;
		};
		4CD4408F2B5C4341004EEEC8 /* Resources */ = {
			isa = PBXResourcesBuildPhase;
			buildActionMask = 2147483647;
			files = (
			);
			runOnlyForDeploymentPostprocessing = 0;
		};
/* End PBXResourcesBuildPhase section */

/* Begin PBXSourcesBuildPhase section */
		4CD440712B5C433F004EEEC8 /* Sources */ = {
			isa = PBXSourcesBuildPhase;
			buildActionMask = 2147483647;
			files = (
				5927C4F72B5CD4A1001A8E02 /* AppDelegate.swift in Sources */,
				5927C4F92B5CD593001A8E02 /* APIService.swift in Sources */,
				5927C4F52B5CD44C001A8E02 /* Firebase.swift in Sources */,
				4CD9B11B2B5C7599009A7FF8 /* QuestionView.swift in Sources */,
				4CD9B1332B5CA7C3009A7FF8 /* AnswerView.swift in Sources */,
				4CD440792B5C433F004EEEC8 /* opinionApp.swift in Sources */,
				5927C4BC2B5CCFAF001A8E02 /* Network Request.swift in Sources */,
			);
			runOnlyForDeploymentPostprocessing = 0;
		};
		4CD440832B5C4341004EEEC8 /* Sources */ = {
			isa = PBXSourcesBuildPhase;
			buildActionMask = 2147483647;
			files = (
				4CD4408C2B5C4341004EEEC8 /* opinionTests.swift in Sources */,
			);
			runOnlyForDeploymentPostprocessing = 0;
		};
		4CD4408D2B5C4341004EEEC8 /* Sources */ = {
			isa = PBXSourcesBuildPhase;
			buildActionMask = 2147483647;
			files = (
				4CD440962B5C4341004EEEC8 /* opinionUITests.swift in Sources */,
				4CD440982B5C4341004EEEC8 /* opinionUITestsLaunchTests.swift in Sources */,
			);
			runOnlyForDeploymentPostprocessing = 0;
		};
/* End PBXSourcesBuildPhase section */

/* Begin PBXTargetDependency section */
		4CD440892B5C4341004EEEC8 /* PBXTargetDependency */ = {
			isa = PBXTargetDependency;
			target = 4CD440742B5C433F004EEEC8 /* opinion */;
			targetProxy = 4CD440882B5C4341004EEEC8 /* PBXContainerItemProxy */;
		};
		4CD440932B5C4341004EEEC8 /* PBXTargetDependency */ = {
			isa = PBXTargetDependency;
			target = 4CD440742B5C433F004EEEC8 /* opinion */;
			targetProxy = 4CD440922B5C4341004EEEC8 /* PBXContainerItemProxy */;
		};
/* End PBXTargetDependency section */

/* Begin XCBuildConfiguration section */
		4CD440992B5C4341004EEEC8 /* Debug */ = {
			isa = XCBuildConfiguration;
			buildSettings = {
				ALWAYS_SEARCH_USER_PATHS = NO;
				ASSETCATALOG_COMPILER_GENERATE_SWIFT_ASSET_SYMBOL_EXTENSIONS = YES;
				CLANG_ANALYZER_NONNULL = YES;
				CLANG_ANALYZER_NUMBER_OBJECT_CONVERSION = YES_AGGRESSIVE;
				CLANG_CXX_LANGUAGE_STANDARD = "gnu++20";
				CLANG_ENABLE_MODULES = YES;
				CLANG_ENABLE_OBJC_ARC = YES;
				CLANG_ENABLE_OBJC_WEAK = YES;
				CLANG_WARN_BLOCK_CAPTURE_AUTORELEASING = YES;
				CLANG_WARN_BOOL_CONVERSION = YES;
				CLANG_WARN_COMMA = YES;
				CLANG_WARN_CONSTANT_CONVERSION = YES;
				CLANG_WARN_DEPRECATED_OBJC_IMPLEMENTATIONS = YES;
				CLANG_WARN_DIRECT_OBJC_ISA_USAGE = YES_ERROR;
				CLANG_WARN_DOCUMENTATION_COMMENTS = YES;
				CLANG_WARN_EMPTY_BODY = YES;
				CLANG_WARN_ENUM_CONVERSION = YES;
				CLANG_WARN_INFINITE_RECURSION = YES;
				CLANG_WARN_INT_CONVERSION = YES;
				CLANG_WARN_NON_LITERAL_NULL_CONVERSION = YES;
				CLANG_WARN_OBJC_IMPLICIT_RETAIN_SELF = YES;
				CLANG_WARN_OBJC_LITERAL_CONVERSION = YES;
				CLANG_WARN_OBJC_ROOT_CLASS = YES_ERROR;
				CLANG_WARN_QUOTED_INCLUDE_IN_FRAMEWORK_HEADER = YES;
				CLANG_WARN_RANGE_LOOP_ANALYSIS = YES;
				CLANG_WARN_STRICT_PROTOTYPES = YES;
				CLANG_WARN_SUSPICIOUS_MOVE = YES;
				CLANG_WARN_UNGUARDED_AVAILABILITY = YES_AGGRESSIVE;
				CLANG_WARN_UNREACHABLE_CODE = YES;
				CLANG_WARN__DUPLICATE_METHOD_MATCH = YES;
				COPY_PHASE_STRIP = NO;
				DEBUG_INFORMATION_FORMAT = dwarf;
				ENABLE_STRICT_OBJC_MSGSEND = YES;
				ENABLE_TESTABILITY = YES;
				ENABLE_USER_SCRIPT_SANDBOXING = YES;
				GCC_C_LANGUAGE_STANDARD = gnu17;
				GCC_DYNAMIC_NO_PIC = NO;
				GCC_NO_COMMON_BLOCKS = YES;
				GCC_OPTIMIZATION_LEVEL = 0;
				GCC_PREPROCESSOR_DEFINITIONS = (
					"DEBUG=1",
					"$(inherited)",
				);
				GCC_WARN_64_TO_32_BIT_CONVERSION = YES;
				GCC_WARN_ABOUT_RETURN_TYPE = YES_ERROR;
				GCC_WARN_UNDECLARED_SELECTOR = YES;
				GCC_WARN_UNINITIALIZED_AUTOS = YES_AGGRESSIVE;
				GCC_WARN_UNUSED_FUNCTION = YES;
				GCC_WARN_UNUSED_VARIABLE = YES;
				IPHONEOS_DEPLOYMENT_TARGET = 17.0;
				LOCALIZATION_PREFERS_STRING_CATALOGS = YES;
				MTL_ENABLE_DEBUG_INFO = INCLUDE_SOURCE;
				MTL_FAST_MATH = YES;
				ONLY_ACTIVE_ARCH = YES;
				SDKROOT = iphoneos;
				SWIFT_ACTIVE_COMPILATION_CONDITIONS = "DEBUG $(inherited)";
				SWIFT_OPTIMIZATION_LEVEL = "-Onone";
			};
			name = Debug;
		};
		4CD4409A2B5C4341004EEEC8 /* Release */ = {
			isa = XCBuildConfiguration;
			buildSettings = {
				ALWAYS_SEARCH_USER_PATHS = NO;
				ASSETCATALOG_COMPILER_GENERATE_SWIFT_ASSET_SYMBOL_EXTENSIONS = YES;
				CLANG_ANALYZER_NONNULL = YES;
				CLANG_ANALYZER_NUMBER_OBJECT_CONVERSION = YES_AGGRESSIVE;
				CLANG_CXX_LANGUAGE_STANDARD = "gnu++20";
				CLANG_ENABLE_MODULES = YES;
				CLANG_ENABLE_OBJC_ARC = YES;
				CLANG_ENABLE_OBJC_WEAK = YES;
				CLANG_WARN_BLOCK_CAPTURE_AUTORELEASING = YES;
				CLANG_WARN_BOOL_CONVERSION = YES;
				CLANG_WARN_COMMA = YES;
				CLANG_WARN_CONSTANT_CONVERSION = YES;
				CLANG_WARN_DEPRECATED_OBJC_IMPLEMENTATIONS = YES;
				CLANG_WARN_DIRECT_OBJC_ISA_USAGE = YES_ERROR;
				CLANG_WARN_DOCUMENTATION_COMMENTS = YES;
				CLANG_WARN_EMPTY_BODY = YES;
				CLANG_WARN_ENUM_CONVERSION = YES;
				CLANG_WARN_INFINITE_RECURSION = YES;
				CLANG_WARN_INT_CONVERSION = YES;
				CLANG_WARN_NON_LITERAL_NULL_CONVERSION = YES;
				CLANG_WARN_OBJC_IMPLICIT_RETAIN_SELF = YES;
				CLANG_WARN_OBJC_LITERAL_CONVERSION = YES;
				CLANG_WARN_OBJC_ROOT_CLASS = YES_ERROR;
				CLANG_WARN_QUOTED_INCLUDE_IN_FRAMEWORK_HEADER = YES;
				CLANG_WARN_RANGE_LOOP_ANALYSIS = YES;
				CLANG_WARN_STRICT_PROTOTYPES = YES;
				CLANG_WARN_SUSPICIOUS_MOVE = YES;
				CLANG_WARN_UNGUARDED_AVAILABILITY = YES_AGGRESSIVE;
				CLANG_WARN_UNREACHABLE_CODE = YES;
				CLANG_WARN__DUPLICATE_METHOD_MATCH = YES;
				COPY_PHASE_STRIP = NO;
				DEBUG_INFORMATION_FORMAT = "dwarf-with-dsym";
				ENABLE_NS_ASSERTIONS = NO;
				ENABLE_STRICT_OBJC_MSGSEND = YES;
				ENABLE_USER_SCRIPT_SANDBOXING = YES;
				GCC_C_LANGUAGE_STANDARD = gnu17;
				GCC_NO_COMMON_BLOCKS = YES;
				GCC_WARN_64_TO_32_BIT_CONVERSION = YES;
				GCC_WARN_ABOUT_RETURN_TYPE = YES_ERROR;
				GCC_WARN_UNDECLARED_SELECTOR = YES;
				GCC_WARN_UNINITIALIZED_AUTOS = YES_AGGRESSIVE;
				GCC_WARN_UNUSED_FUNCTION = YES;
				GCC_WARN_UNUSED_VARIABLE = YES;
				IPHONEOS_DEPLOYMENT_TARGET = 17.0;
				LOCALIZATION_PREFERS_STRING_CATALOGS = YES;
				MTL_ENABLE_DEBUG_INFO = NO;
				MTL_FAST_MATH = YES;
				SDKROOT = iphoneos;
				SWIFT_COMPILATION_MODE = wholemodule;
				VALIDATE_PRODUCT = YES;
			};
			name = Release;
		};
		4CD4409C2B5C4341004EEEC8 /* Debug */ = {
			isa = XCBuildConfiguration;
			buildSettings = {
				ASSETCATALOG_COMPILER_APPICON_NAME = AppIcon;
				ASSETCATALOG_COMPILER_GLOBAL_ACCENT_COLOR_NAME = AccentColor;
				ASSETCATALOG_COMPILER_INCLUDE_ALL_APPICON_ASSETS = YES;
				CODE_SIGN_IDENTITY = "Apple Development";
				CODE_SIGN_STYLE = Automatic;
				CURRENT_PROJECT_VERSION = 1;
				DEVELOPMENT_ASSET_PATHS = "\"opinion/Preview Content\"";
				DEVELOPMENT_TEAM = 97SB7MA2WB;
				ENABLE_PREVIEWS = YES;
				GENERATE_INFOPLIST_FILE = YES;
				INFOPLIST_FILE = opinion/Info.plist;
				INFOPLIST_KEY_CFBundleDisplayName = Opinions;
				INFOPLIST_KEY_LSApplicationCategoryType = "public.app-category.entertainment";
				INFOPLIST_KEY_UIApplicationSceneManifest_Generation = YES;
				INFOPLIST_KEY_UIApplicationSupportsIndirectInputEvents = YES;
				INFOPLIST_KEY_UILaunchScreen_Generation = YES;
				INFOPLIST_KEY_UILaunchStoryboardName = "Launch Screen.storyboard";
				INFOPLIST_KEY_UISupportedInterfaceOrientations_iPad = "UIInterfaceOrientationPortrait UIInterfaceOrientationPortraitUpsideDown UIInterfaceOrientationLandscapeLeft UIInterfaceOrientationLandscapeRight";
				INFOPLIST_KEY_UISupportedInterfaceOrientations_iPhone = "UIInterfaceOrientationPortrait UIInterfaceOrientationLandscapeLeft UIInterfaceOrientationLandscapeRight";
				IPHONEOS_DEPLOYMENT_TARGET = 17.0;
				LD_RUNPATH_SEARCH_PATHS = (
					"$(inherited)",
					"@executable_path/Frameworks",
				);
				MARKETING_VERSION = 1.0;
				PRODUCT_BUNDLE_IDENTIFIER = straightouttaharbour.boilermake.opinion;
				PRODUCT_NAME = "$(TARGET_NAME)";
				PROVISIONING_PROFILE_SPECIFIER = "";
				SUPPORTED_PLATFORMS = "iphoneos iphonesimulator";
				SUPPORTS_MACCATALYST = NO;
				SUPPORTS_MAC_DESIGNED_FOR_IPHONE_IPAD = NO;
				SUPPORTS_XR_DESIGNED_FOR_IPHONE_IPAD = NO;
				SWIFT_EMIT_LOC_STRINGS = YES;
				SWIFT_VERSION = 5.0;
				TARGETED_DEVICE_FAMILY = 1;
			};
			name = Debug;
		};
		4CD4409D2B5C4341004EEEC8 /* Release */ = {
			isa = XCBuildConfiguration;
			buildSettings = {
				ASSETCATALOG_COMPILER_APPICON_NAME = AppIcon;
				ASSETCATALOG_COMPILER_GLOBAL_ACCENT_COLOR_NAME = AccentColor;
				ASSETCATALOG_COMPILER_INCLUDE_ALL_APPICON_ASSETS = YES;
				CODE_SIGN_IDENTITY = "Apple Development";
				CODE_SIGN_STYLE = Automatic;
				CURRENT_PROJECT_VERSION = 1;
				DEVELOPMENT_ASSET_PATHS = "\"opinion/Preview Content\"";
				DEVELOPMENT_TEAM = 97SB7MA2WB;
				ENABLE_PREVIEWS = YES;
				GENERATE_INFOPLIST_FILE = YES;
				INFOPLIST_FILE = opinion/Info.plist;
				INFOPLIST_KEY_CFBundleDisplayName = Opinions;
				INFOPLIST_KEY_LSApplicationCategoryType = "public.app-category.entertainment";
				INFOPLIST_KEY_UIApplicationSceneManifest_Generation = YES;
				INFOPLIST_KEY_UIApplicationSupportsIndirectInputEvents = YES;
				INFOPLIST_KEY_UILaunchScreen_Generation = YES;
				INFOPLIST_KEY_UILaunchStoryboardName = "Launch Screen.storyboard";
				INFOPLIST_KEY_UISupportedInterfaceOrientations_iPad = "UIInterfaceOrientationPortrait UIInterfaceOrientationPortraitUpsideDown UIInterfaceOrientationLandscapeLeft UIInterfaceOrientationLandscapeRight";
				INFOPLIST_KEY_UISupportedInterfaceOrientations_iPhone = "UIInterfaceOrientationPortrait UIInterfaceOrientationLandscapeLeft UIInterfaceOrientationLandscapeRight";
				IPHONEOS_DEPLOYMENT_TARGET = 17.0;
				LD_RUNPATH_SEARCH_PATHS = (
					"$(inherited)",
					"@executable_path/Frameworks",
				);
				MARKETING_VERSION = 1.0;
				PRODUCT_BUNDLE_IDENTIFIER = straightouttaharbour.boilermake.opinion;
				PRODUCT_NAME = "$(TARGET_NAME)";
				PROVISIONING_PROFILE_SPECIFIER = "";
				SUPPORTED_PLATFORMS = "iphoneos iphonesimulator";
				SUPPORTS_MACCATALYST = NO;
				SUPPORTS_MAC_DESIGNED_FOR_IPHONE_IPAD = NO;
				SUPPORTS_XR_DESIGNED_FOR_IPHONE_IPAD = NO;
				SWIFT_EMIT_LOC_STRINGS = YES;
				SWIFT_VERSION = 5.0;
				TARGETED_DEVICE_FAMILY = 1;
			};
			name = Release;
		};
		4CD4409F2B5C4341004EEEC8 /* Debug */ = {
			isa = XCBuildConfiguration;
			buildSettings = {
				ALWAYS_EMBED_SWIFT_STANDARD_LIBRARIES = YES;
				BUNDLE_LOADER = "$(TEST_HOST)";
				CODE_SIGN_STYLE = Automatic;
				CURRENT_PROJECT_VERSION = 1;
				DEVELOPMENT_TEAM = 97SB7MA2WB;
				GENERATE_INFOPLIST_FILE = YES;
				IPHONEOS_DEPLOYMENT_TARGET = 17.0;
				MARKETING_VERSION = 1.0;
				PRODUCT_BUNDLE_IDENTIFIER = boilermake.opinionTests;
				PRODUCT_NAME = "$(TARGET_NAME)";
				SWIFT_EMIT_LOC_STRINGS = NO;
				SWIFT_VERSION = 5.0;
				TARGETED_DEVICE_FAMILY = "1,2";
				TEST_HOST = "$(BUILT_PRODUCTS_DIR)/opinion.app/$(BUNDLE_EXECUTABLE_FOLDER_PATH)/opinion";
			};
			name = Debug;
		};
		4CD440A02B5C4341004EEEC8 /* Release */ = {
			isa = XCBuildConfiguration;
			buildSettings = {
				ALWAYS_EMBED_SWIFT_STANDARD_LIBRARIES = YES;
				BUNDLE_LOADER = "$(TEST_HOST)";
				CODE_SIGN_STYLE = Automatic;
				CURRENT_PROJECT_VERSION = 1;
				DEVELOPMENT_TEAM = 97SB7MA2WB;
				GENERATE_INFOPLIST_FILE = YES;
				IPHONEOS_DEPLOYMENT_TARGET = 17.0;
				MARKETING_VERSION = 1.0;
				PRODUCT_BUNDLE_IDENTIFIER = boilermake.opinionTests;
				PRODUCT_NAME = "$(TARGET_NAME)";
				SWIFT_EMIT_LOC_STRINGS = NO;
				SWIFT_VERSION = 5.0;
				TARGETED_DEVICE_FAMILY = "1,2";
				TEST_HOST = "$(BUILT_PRODUCTS_DIR)/opinion.app/$(BUNDLE_EXECUTABLE_FOLDER_PATH)/opinion";
			};
			name = Release;
		};
		4CD440A22B5C4341004EEEC8 /* Debug */ = {
			isa = XCBuildConfiguration;
			buildSettings = {
				ALWAYS_EMBED_SWIFT_STANDARD_LIBRARIES = YES;
				CODE_SIGN_STYLE = Automatic;
				CURRENT_PROJECT_VERSION = 1;
				DEVELOPMENT_TEAM = 97SB7MA2WB;
				GENERATE_INFOPLIST_FILE = YES;
				MARKETING_VERSION = 1.0;
				PRODUCT_BUNDLE_IDENTIFIER = boilermake.opinionUITests;
				PRODUCT_NAME = "$(TARGET_NAME)";
				SWIFT_EMIT_LOC_STRINGS = NO;
				SWIFT_VERSION = 5.0;
				TARGETED_DEVICE_FAMILY = "1,2";
				TEST_TARGET_NAME = opinion;
			};
			name = Debug;
		};
		4CD440A32B5C4341004EEEC8 /* Release */ = {
			isa = XCBuildConfiguration;
			buildSettings = {
				ALWAYS_EMBED_SWIFT_STANDARD_LIBRARIES = YES;
				CODE_SIGN_STYLE = Automatic;
				CURRENT_PROJECT_VERSION = 1;
				DEVELOPMENT_TEAM = 97SB7MA2WB;
				GENERATE_INFOPLIST_FILE = YES;
				MARKETING_VERSION = 1.0;
				PRODUCT_BUNDLE_IDENTIFIER = boilermake.opinionUITests;
				PRODUCT_NAME = "$(TARGET_NAME)";
				SWIFT_EMIT_LOC_STRINGS = NO;
				SWIFT_VERSION = 5.0;
				TARGETED_DEVICE_FAMILY = "1,2";
				TEST_TARGET_NAME = opinion;
			};
			name = Release;
		};
/* End XCBuildConfiguration section */

/* Begin XCConfigurationList section */
		4CD440702B5C433F004EEEC8 /* Build configuration list for PBXProject "opinion" */ = {
			isa = XCConfigurationList;
			buildConfigurations = (
				4CD440992B5C4341004EEEC8 /* Debug */,
				4CD4409A2B5C4341004EEEC8 /* Release */,
			);
			defaultConfigurationIsVisible = 0;
			defaultConfigurationName = Release;
		};
		4CD4409B2B5C4341004EEEC8 /* Build configuration list for PBXNativeTarget "opinion" */ = {
			isa = XCConfigurationList;
			buildConfigurations = (
				4CD4409C2B5C4341004EEEC8 /* Debug */,
				4CD4409D2B5C4341004EEEC8 /* Release */,
			);
			defaultConfigurationIsVisible = 0;
			defaultConfigurationName = Release;
		};
		4CD4409E2B5C4341004EEEC8 /* Build configuration list for PBXNativeTarget "opinionTests" */ = {
			isa = XCConfigurationList;
			buildConfigurations = (
				4CD4409F2B5C4341004EEEC8 /* Debug */,
				4CD440A02B5C4341004EEEC8 /* Release */,
			);
			defaultConfigurationIsVisible = 0;
			defaultConfigurationName = Release;
		};
		4CD440A12B5C4341004EEEC8 /* Build configuration list for PBXNativeTarget "opinionUITests" */ = {
			isa = XCConfigurationList;
			buildConfigurations = (
				4CD440A22B5C4341004EEEC8 /* Debug */,
				4CD440A32B5C4341004EEEC8 /* Release */,
			);
			defaultConfigurationIsVisible = 0;
			defaultConfigurationName = Release;
		};
/* End XCConfigurationList section */

/* Begin XCRemoteSwiftPackageReference section */
		4CD440A82B5C4C43004EEEC8 /* XCRemoteSwiftPackageReference "Auth0" */ = {
			isa = XCRemoteSwiftPackageReference;
			repositoryURL = "https://github.com/auth0/Auth0.swift";
			requirement = {
				kind = upToNextMajorVersion;
				minimumVersion = 2.5.0;
			};
		};
		5927C4BD2B5CD3F1001A8E02 /* XCRemoteSwiftPackageReference "firebase-ios-sdk" */ = {
			isa = XCRemoteSwiftPackageReference;
			repositoryURL = "https://github.com/firebase/firebase-ios-sdk.git";
			requirement = {
				kind = upToNextMajorVersion;
				minimumVersion = 10.20.0;
			};
		};
/* End XCRemoteSwiftPackageReference section */

/* Begin XCSwiftPackageProductDependency section */
		4CD440A92B5C4C43004EEEC8 /* Auth0 */ = {
			isa = XCSwiftPackageProductDependency;
			package = 4CD440A82B5C4C43004EEEC8 /* XCRemoteSwiftPackageReference "Auth0" */;
			productName = Auth0;
		};
		5927C4BE2B5CD3F1001A8E02 /* FirebaseAnalytics */ = {
			isa = XCSwiftPackageProductDependency;
			package = 5927C4BD2B5CD3F1001A8E02 /* XCRemoteSwiftPackageReference "firebase-ios-sdk" */;
			productName = FirebaseAnalytics;
		};
		5927C4C02B5CD3F1001A8E02 /* FirebaseAnalyticsOnDeviceConversion */ = {
			isa = XCSwiftPackageProductDependency;
			package = 5927C4BD2B5CD3F1001A8E02 /* XCRemoteSwiftPackageReference "firebase-ios-sdk" */;
			productName = FirebaseAnalyticsOnDeviceConversion;
		};
		5927C4C22B5CD3F1001A8E02 /* FirebaseAnalyticsSwift */ = {
			isa = XCSwiftPackageProductDependency;
			package = 5927C4BD2B5CD3F1001A8E02 /* XCRemoteSwiftPackageReference "firebase-ios-sdk" */;
			productName = FirebaseAnalyticsSwift;
		};
		5927C4C42B5CD3F1001A8E02 /* FirebaseAnalyticsWithoutAdIdSupport */ = {
			isa = XCSwiftPackageProductDependency;
			package = 5927C4BD2B5CD3F1001A8E02 /* XCRemoteSwiftPackageReference "firebase-ios-sdk" */;
			productName = FirebaseAnalyticsWithoutAdIdSupport;
		};
		5927C4C62B5CD3F1001A8E02 /* FirebaseAppCheck */ = {
			isa = XCSwiftPackageProductDependency;
			package = 5927C4BD2B5CD3F1001A8E02 /* XCRemoteSwiftPackageReference "firebase-ios-sdk" */;
			productName = FirebaseAppCheck;
		};
		5927C4C82B5CD3F1001A8E02 /* FirebaseAppDistribution-Beta */ = {
			isa = XCSwiftPackageProductDependency;
			package = 5927C4BD2B5CD3F1001A8E02 /* XCRemoteSwiftPackageReference "firebase-ios-sdk" */;
			productName = "FirebaseAppDistribution-Beta";
		};
		5927C4CA2B5CD3F1001A8E02 /* FirebaseAuth */ = {
			isa = XCSwiftPackageProductDependency;
			package = 5927C4BD2B5CD3F1001A8E02 /* XCRemoteSwiftPackageReference "firebase-ios-sdk" */;
			productName = FirebaseAuth;
		};
		5927C4CC2B5CD3F1001A8E02 /* FirebaseAuthCombine-Community */ = {
			isa = XCSwiftPackageProductDependency;
			package = 5927C4BD2B5CD3F1001A8E02 /* XCRemoteSwiftPackageReference "firebase-ios-sdk" */;
			productName = "FirebaseAuthCombine-Community";
		};
		5927C4CE2B5CD3F1001A8E02 /* FirebaseCrashlytics */ = {
			isa = XCSwiftPackageProductDependency;
			package = 5927C4BD2B5CD3F1001A8E02 /* XCRemoteSwiftPackageReference "firebase-ios-sdk" */;
			productName = FirebaseCrashlytics;
		};
		5927C4D02B5CD3F1001A8E02 /* FirebaseDatabase */ = {
			isa = XCSwiftPackageProductDependency;
			package = 5927C4BD2B5CD3F1001A8E02 /* XCRemoteSwiftPackageReference "firebase-ios-sdk" */;
			productName = FirebaseDatabase;
		};
		5927C4D22B5CD3F1001A8E02 /* FirebaseDatabaseSwift */ = {
			isa = XCSwiftPackageProductDependency;
			package = 5927C4BD2B5CD3F1001A8E02 /* XCRemoteSwiftPackageReference "firebase-ios-sdk" */;
			productName = FirebaseDatabaseSwift;
		};
		5927C4D42B5CD3F1001A8E02 /* FirebaseDynamicLinks */ = {
			isa = XCSwiftPackageProductDependency;
			package = 5927C4BD2B5CD3F1001A8E02 /* XCRemoteSwiftPackageReference "firebase-ios-sdk" */;
			productName = FirebaseDynamicLinks;
		};
		5927C4D62B5CD3F1001A8E02 /* FirebaseFirestore */ = {
			isa = XCSwiftPackageProductDependency;
			package = 5927C4BD2B5CD3F1001A8E02 /* XCRemoteSwiftPackageReference "firebase-ios-sdk" */;
			productName = FirebaseFirestore;
		};
		5927C4D82B5CD3F1001A8E02 /* FirebaseFirestoreCombine-Community */ = {
			isa = XCSwiftPackageProductDependency;
			package = 5927C4BD2B5CD3F1001A8E02 /* XCRemoteSwiftPackageReference "firebase-ios-sdk" */;
			productName = "FirebaseFirestoreCombine-Community";
		};
		5927C4DA2B5CD3F1001A8E02 /* FirebaseFirestoreSwift */ = {
			isa = XCSwiftPackageProductDependency;
			package = 5927C4BD2B5CD3F1001A8E02 /* XCRemoteSwiftPackageReference "firebase-ios-sdk" */;
			productName = FirebaseFirestoreSwift;
		};
		5927C4DC2B5CD3F1001A8E02 /* FirebaseFunctions */ = {
			isa = XCSwiftPackageProductDependency;
			package = 5927C4BD2B5CD3F1001A8E02 /* XCRemoteSwiftPackageReference "firebase-ios-sdk" */;
			productName = FirebaseFunctions;
		};
		5927C4DE2B5CD3F1001A8E02 /* FirebaseFunctionsCombine-Community */ = {
			isa = XCSwiftPackageProductDependency;
			package = 5927C4BD2B5CD3F1001A8E02 /* XCRemoteSwiftPackageReference "firebase-ios-sdk" */;
			productName = "FirebaseFunctionsCombine-Community";
		};
		5927C4E02B5CD3F1001A8E02 /* FirebaseInAppMessaging-Beta */ = {
			isa = XCSwiftPackageProductDependency;
			package = 5927C4BD2B5CD3F1001A8E02 /* XCRemoteSwiftPackageReference "firebase-ios-sdk" */;
			productName = "FirebaseInAppMessaging-Beta";
		};
		5927C4E22B5CD3F1001A8E02 /* FirebaseInAppMessagingSwift-Beta */ = {
			isa = XCSwiftPackageProductDependency;
			package = 5927C4BD2B5CD3F1001A8E02 /* XCRemoteSwiftPackageReference "firebase-ios-sdk" */;
			productName = "FirebaseInAppMessagingSwift-Beta";
		};
		5927C4E42B5CD3F1001A8E02 /* FirebaseInstallations */ = {
			isa = XCSwiftPackageProductDependency;
			package = 5927C4BD2B5CD3F1001A8E02 /* XCRemoteSwiftPackageReference "firebase-ios-sdk" */;
			productName = FirebaseInstallations;
		};
		5927C4E62B5CD3F1001A8E02 /* FirebaseMLModelDownloader */ = {
			isa = XCSwiftPackageProductDependency;
			package = 5927C4BD2B5CD3F1001A8E02 /* XCRemoteSwiftPackageReference "firebase-ios-sdk" */;
			productName = FirebaseMLModelDownloader;
		};
		5927C4E82B5CD3F1001A8E02 /* FirebaseMessaging */ = {
			isa = XCSwiftPackageProductDependency;
			package = 5927C4BD2B5CD3F1001A8E02 /* XCRemoteSwiftPackageReference "firebase-ios-sdk" */;
			productName = FirebaseMessaging;
		};
		5927C4EA2B5CD3F1001A8E02 /* FirebasePerformance */ = {
			isa = XCSwiftPackageProductDependency;
			package = 5927C4BD2B5CD3F1001A8E02 /* XCRemoteSwiftPackageReference "firebase-ios-sdk" */;
			productName = FirebasePerformance;
		};
		5927C4EC2B5CD3F1001A8E02 /* FirebaseRemoteConfig */ = {
			isa = XCSwiftPackageProductDependency;
			package = 5927C4BD2B5CD3F1001A8E02 /* XCRemoteSwiftPackageReference "firebase-ios-sdk" */;
			productName = FirebaseRemoteConfig;
		};
		5927C4EE2B5CD3F1001A8E02 /* FirebaseRemoteConfigSwift */ = {
			isa = XCSwiftPackageProductDependency;
			package = 5927C4BD2B5CD3F1001A8E02 /* XCRemoteSwiftPackageReference "firebase-ios-sdk" */;
			productName = FirebaseRemoteConfigSwift;
		};
		5927C4F02B5CD3F1001A8E02 /* FirebaseStorage */ = {
			isa = XCSwiftPackageProductDependency;
			package = 5927C4BD2B5CD3F1001A8E02 /* XCRemoteSwiftPackageReference "firebase-ios-sdk" */;
			productName = FirebaseStorage;
		};
		5927C4F22B5CD3F1001A8E02 /* FirebaseStorageCombine-Community */ = {
			isa = XCSwiftPackageProductDependency;
			package = 5927C4BD2B5CD3F1001A8E02 /* XCRemoteSwiftPackageReference "firebase-ios-sdk" */;
			productName = "FirebaseStorageCombine-Community";
		};
/* End XCSwiftPackageProductDependency section */
	};
	rootObject = 4CD4406D2B5C433F004EEEC8 /* Project object */;
}
